
Microsoft Visual Studio Solution File, Format Version 12.00
# Visual Studio Version 17
VisualStudioVersion = 17.9.34616.47
MinimumVisualStudioVersion = 10.0.40219.1
Project("{FAE04EC0-301F-11D3-BF4B-00C04F79EFBC}") = "ThreadPoolOpgave0", "ThreadPoolOpgave0\ThreadPoolOpgave0.csproj", "{6F119BB3-7491-4A13-858D-8E790BFEEF81}"
EndProject
Project("{FAE04EC0-301F-11D3-BF4B-00C04F79EFBC}") = "ThreadPoolOpgave1Og2", "ThreadPoolOpgave1\ThreadPoolOpgave1Og2.csproj", "{06FE46EF-6784-4330-A6BE-19AE0D0181C2}"
EndProject
Project("{FAE04EC0-301F-11D3-BF4B-00C04F79EFBC}") = "ThreadPoolOpgave3", "ThreadPoolOpgave3\ThreadPoolOpgave3.csproj", "{C48B5861-C32C-4195-B60C-D3780D93AEDD}"
EndProject
Global
	GlobalSection(SolutionConfigurationPlatforms) = preSolution
		Debug|Any CPU = Debug|Any CPU
		Release|Any CPU = Release|Any CPU
	EndGlobalSection
	GlobalSection(ProjectConfigurationPlatforms) = postSolution
		{6F119BB3-7491-4A13-858D-8E790BFEEF81}.Debug|Any CPU.ActiveCfg = Debug|Any CPU
		{6F119BB3-7491-4A13-858D-8E790BFEEF81}.Debug|Any CPU.Build.0 = Debug|Any CPU
		{6F119BB3-7491-4A13-858D-8E790BFEEF81}.Release|Any CPU.ActiveCfg = Release|Any CPU
		{6F119BB3-7491-4A13-858D-8E790BFEEF81}.Release|Any CPU.Build.0 = Release|Any CPU
		{06FE46EF-6784-4330-A6BE-19AE0D0181C2}.Debug|Any CPU.ActiveCfg = Debug|Any CPU
		{06FE46EF-6784-4330-A6BE-19AE0D0181C2}.Debug|Any CPU.Build.0 = Debug|Any CPU
		{06FE46EF-6784-4330-A6BE-19AE0D0181C2}.Release|Any CPU.ActiveCfg = Release|Any CPU
		{06FE46EF-6784-4330-A6BE-19AE0D0181C2}.Release|Any CPU.Build.0 = Release|Any CPU
		{C48B5861-C32C-4195-B60C-D3780D93AEDD}.Debug|Any CPU.ActiveCfg = Debug|Any CPU
		{C48B5861-C32C-4195-B60C-D3780D93AEDD}.Debug|Any CPU.Build.0 = Debug|Any CPU
		{C48B5861-C32C-4195-B60C-D3780D93AEDD}.Release|Any CPU.ActiveCfg = Release|Any CPU
		{C48B5861-C32C-4195-B60C-D3780D93AEDD}.Release|Any CPU.Build.0 = Release|Any CPU
	EndGlobalSection
	GlobalSection(SolutionProperties) = preSolution
		HideSolutionNode = FALSE
	EndGlobalSection
	GlobalSection(ExtensibilityGlobals) = postSolution
		SolutionGuid = {D8189769-B51C-4C31-92AC-8ADB5ADFB09A}
	EndGlobalSection
EndGlobal
